# This file was autogenerated by Stack.
# You should not edit this file by hand.
# For more information, please see the documentation at:
#   https://docs.haskellstack.org/en/stable/lock_files

packages: []
snapshots:
- completed:
    size: 555277
    url: https://raw.githubusercontent.com/commercialhaskell/stackage-snapshots/master/nightly/2020/12/1.yaml
    sha256: 7e89ac4f8b5f32a2fe15eb21fc399ede01868a1b5b70476a429cb02e0459b26e
  original: nightly-2020-12-01
